
Microsoft Visual Studio Solution File, Format Version 12.00
# Visual Studio Version 17
VisualStudioVersion = 17.11.35222.181
MinimumVisualStudioVersion = 10.0.40219.1
Project("{8BC9CEB8-8B4A-11D0-8D11-00A0C91BC942}") = "RemoteControl", "RemoteControl\RemoteControl.vcxproj", "{9D4F9C32-7A5C-4BA3-91E1-AF57B9924792}"
EndProject
Project("{8BC9CEB8-8B4A-11D0-8D11-00A0C91BC942}") = "RemoteClient", "RemoteClient\RemoteClient.vcxproj", "{80CE832D-8287-464F-BB34-10E88F354054}"
EndProject
Global
	GlobalSection(SolutionConfigurationPlatforms) = preSolution
		Debug|x64 = Debug|x64
		Debug|x86 = Debug|x86
		Release|x64 = Release|x64
		Release|x86 = Release|x86
	EndGlobalSection
	GlobalSection(ProjectConfigurationPlatforms) = postSolution
		{9D4F9C32-7A5C-4BA3-91E1-AF57B9924792}.Debug|x64.ActiveCfg = Debug|x64
		{9D4F9C32-7A5C-4BA3-91E1-AF57B9924792}.Debug|x64.Build.0 = Debug|x64
		{9D4F9C32-7A5C-4BA3-91E1-AF57B9924792}.Debug|x86.ActiveCfg = Debug|Win32
		{9D4F9C32-7A5C-4BA3-91E1-AF57B9924792}.Debug|x86.Build.0 = Debug|Win32
		{9D4F9C32-7A5C-4BA3-91E1-AF57B9924792}.Release|x64.ActiveCfg = Release|x64
		{9D4F9C32-7A5C-4BA3-91E1-AF57B9924792}.Release|x64.Build.0 = Release|x64
		{9D4F9C32-7A5C-4BA3-91E1-AF57B9924792}.Release|x86.ActiveCfg = Release|Win32
		{9D4F9C32-7A5C-4BA3-91E1-AF57B9924792}.Release|x86.Build.0 = Release|Win32
		{80CE832D-8287-464F-BB34-10E88F354054}.Debug|x64.ActiveCfg = Debug|x64
		{80CE832D-8287-464F-BB34-10E88F354054}.Debug|x64.Build.0 = Debug|x64
		{80CE832D-8287-464F-BB34-10E88F354054}.Debug|x86.ActiveCfg = Debug|Win32
		{80CE832D-8287-464F-BB34-10E88F354054}.Debug|x86.Build.0 = Debug|Win32
		{80CE832D-8287-464F-BB34-10E88F354054}.Release|x64.ActiveCfg = Release|x64
		{80CE832D-8287-464F-BB34-10E88F354054}.Release|x64.Build.0 = Release|x64
		{80CE832D-8287-464F-BB34-10E88F354054}.Release|x86.ActiveCfg = Release|Win32
		{80CE832D-8287-464F-BB34-10E88F354054}.Release|x86.Build.0 = Release|Win32
	EndGlobalSection
	GlobalSection(SolutionProperties) = preSolution
		HideSolutionNode = FALSE
	EndGlobalSection
	GlobalSection(ExtensibilityGlobals) = postSolution
		SolutionGuid = {0AF0A0A7-0B84-4AE7-9D2D-5054616DBFFC}
	EndGlobalSection
EndGlobal
